// !$*UTF8*$!
{
	archiveVersion = 1;
	classes = {
	};
	objectVersion = 51;
	objects = {

/* Begin PBXBuildFile section */
		3BF388D92484E5360078FAC9 /* AppDelegate.swift in Sources */ = {isa = PBXBuildFile; fileRef = 3BF388D82484E5360078FAC9 /* AppDelegate.swift */; };
		3BF388DB2484E5360078FAC9 /* SceneDelegate.swift in Sources */ = {isa = PBXBuildFile; fileRef = 3BF388DA2484E5360078FAC9 /* SceneDelegate.swift */; };
		3BF388DD2484E5360078FAC9 /* ContentView.swift in Sources */ = {isa = PBXBuildFile; fileRef = 3BF388DC2484E5360078FAC9 /* ContentView.swift */; };
		3BF388DF2484E5380078FAC9 /* Assets.xcassets in Resources */ = {isa = PBXBuildFile; fileRef = 3BF388DE2484E5380078FAC9 /* Assets.xcassets */; };
		3BF388E22484E5380078FAC9 /* Preview Assets.xcassets in Resources */ = {isa = PBXBuildFile; fileRef = 3BF388E12484E5380078FAC9 /* Preview Assets.xcassets */; };
		3BF388E52484E5380078FAC9 /* LaunchScreen.storyboard in Resources */ = {isa = PBXBuildFile; fileRef = 3BF388E32484E5380078FAC9 /* LaunchScreen.storyboard */; };
		3BF388EF2484E6E20078FAC9 /* WeatherListViewModel.swift in Sources */ = {isa = PBXBuildFile; fileRef = 3BF388EE2484E6E20078FAC9 /* WeatherListViewModel.swift */; };
		3BF388F12484E9A20078FAC9 /* WeatherResults.swift in Sources */ = {isa = PBXBuildFile; fileRef = 3BF388F02484E9A20078FAC9 /* WeatherResults.swift */; };
		3BF388F32484F63E0078FAC9 /* WeatherUIView.swift in Sources */ = {isa = PBXBuildFile; fileRef = 3BF388F22484F63E0078FAC9 /* WeatherUIView.swift */; };
		DD055066F618719A0317CDAA /* Pods_API.framework in Frameworks */ = {isa = PBXBuildFile; fileRef = 0B4569B9372C643979EC3878 /* Pods_API.framework */; };
/* End PBXBuildFile section */

/* Begin PBXFileReference section */
		0B4569B9372C643979EC3878 /* Pods_API.framework */ = {isa = PBXFileReference; explicitFileType = wrapper.framework; includeInIndex = 0; path = Pods_API.framework; sourceTree = BUILT_PRODUCTS_DIR; };
		3BF388D52484E5360078FAC9 /* API.app */ = {isa = PBXFileReference; explicitFileType = wrapper.application; includeInIndex = 0; path = API.app; sourceTree = BUILT_PRODUCTS_DIR; };
		3BF388D82484E5360078FAC9 /* AppDelegate.swift */ = {isa = PBXFileReference; lastKnownFileType = sourcecode.swift; path = AppDelegate.swift; sourceTree = "<group>"; };
		3BF388DA2484E5360078FAC9 /* SceneDelegate.swift */ = {isa = PBXFileReference; lastKnownFileType = sourcecode.swift; path = SceneDelegate.swift; sourceTree = "<group>"; };
		3BF388DC2484E5360078FAC9 /* ContentView.swift */ = {isa = PBXFileReference; lastKnownFileType = sourcecode.swift; path = ContentView.swift; sourceTree = "<group>"; };
		3BF388DE2484E5380078FAC9 /* Assets.xcassets */ = {isa = PBXFileReference; lastKnownFileType = folder.assetcatalog; path = Assets.xcassets; sourceTree = "<group>"; };
		3BF388E12484E5380078FAC9 /* Preview Assets.xcassets */ = {isa = PBXFileReference; lastKnownFileType = folder.assetcatalog; path = "Preview Assets.xcassets"; sourceTree = "<group>"; };
		3BF388E42484E5380078FAC9 /* Base */ = {isa = PBXFileReference; lastKnownFileType = file.storyboard; name = Base; path = Base.lproj/LaunchScreen.storyboard; sourceTree = "<group>"; };
		3BF388E62484E5380078FAC9 /* Info.plist */ = {isa = PBXFileReference; lastKnownFileType = text.plist.xml; path = Info.plist; sourceTree = "<group>"; };
		3BF388EE2484E6E20078FAC9 /* WeatherListViewModel.swift */ = {isa = PBXFileReference; lastKnownFileType = sourcecode.swift; path = WeatherListViewModel.swift; sourceTree = "<group>"; };
		3BF388F02484E9A20078FAC9 /* WeatherResults.swift */ = {isa = PBXFileReference; lastKnownFileType = sourcecode.swift; path = WeatherResults.swift; sourceTree = "<group>"; };
		3BF388F22484F63E0078FAC9 /* WeatherUIView.swift */ = {isa = PBXFileReference; lastKnownFileType = sourcecode.swift; path = WeatherUIView.swift; sourceTree = "<group>"; };
		AA240A586CEBF13E890B7494 /* Pods-API.release.xcconfig */ = {isa = PBXFileReference; includeInIndex = 1; lastKnownFileType = text.xcconfig; name = "Pods-API.release.xcconfig"; path = "Target Support Files/Pods-API/Pods-API.release.xcconfig"; sourceTree = "<group>"; };
		B87CB501E375EF2508F11CBD /* Pods-API.debug.xcconfig */ = {isa = PBXFileReference; includeInIndex = 1; lastKnownFileType = text.xcconfig; name = "Pods-API.debug.xcconfig"; path = "Target Support Files/Pods-API/Pods-API.debug.xcconfig"; sourceTree = "<group>"; };
/* End PBXFileReference section */

/* Begin PBXFrameworksBuildPhase section */
		3BF388D22484E5360078FAC9 /* Frameworks */ = {
			isa = PBXFrameworksBuildPhase;
			buildActionMask = 2147483647;
			files = (
				DD055066F618719A0317CDAA /* Pods_API.framework in Frameworks */,
			);
			runOnlyForDeploymentPostprocessing = 0;
		};
/* End PBXFrameworksBuildPhase section */

/* Begin PBXGroup section */
		3BF388CC2484E5360078FAC9 = {
			isa = PBXGroup;
			children = (
				3BF388D72484E5360078FAC9 /* API */,
				3BF388D62484E5360078FAC9 /* Products */,
				63D68960954525F250F88A35 /* Pods */,
				A366E29D4EAC01D6E7051189 /* Frameworks */,
			);
			sourceTree = "<group>";
		};
		3BF388D62484E5360078FAC9 /* Products */ = {
			isa = PBXGroup;
			children = (
				3BF388D52484E5360078FAC9 /* API.app */,
			);
			name = Products;
			sourceTree = "<group>";
		};
		3BF388D72484E5360078FAC9 /* API */ = {
			isa = PBXGroup;
			children = (
				3BF388EE2484E6E20078FAC9 /* WeatherListViewModel.swift */,
				3BF388F22484F63E0078FAC9 /* WeatherUIView.swift */,
				3BF388F02484E9A20078FAC9 /* WeatherResults.swift */,
				3BF388D82484E5360078FAC9 /* AppDelegate.swift */,
				3BF388DA2484E5360078FAC9 /* SceneDelegate.swift */,
				3BF388DC2484E5360078FAC9 /* ContentView.swift */,
				3BF388DE2484E5380078FAC9 /* Assets.xcassets */,
				3BF388E32484E5380078FAC9 /* LaunchScreen.storyboard */,
				3BF388E62484E5380078FAC9 /* Info.plist */,
				3BF388E02484E5380078FAC9 /* Preview Content */,
			);
			path = API;
			sourceTree = "<group>";
		};
		3BF388E02484E5380078FAC9 /* Preview Content */ = {
			isa = PBXGroup;
			children = (
				3BF388E12484E5380078FAC9 /* Preview Assets.xcassets */,
			);
			path = "Preview Content";
			sourceTree = "<group>";
		};
		63D68960954525F250F88A35 /* Pods */ = {
			isa = PBXGroup;
			children = (
				B87CB501E375EF2508F11CBD /* Pods-API.debug.xcconfig */,
				AA240A586CEBF13E890B7494 /* Pods-API.release.xcconfig */,
			);
			path = Pods;
			sourceTree = "<group>";
		};
		A366E29D4EAC01D6E7051189 /* Frameworks */ = {
			isa = PBXGroup;
			children = (
				0B4569B9372C643979EC3878 /* Pods_API.framework */,
			);
			name = Frameworks;
			sourceTree = "<group>";
		};
/* End PBXGroup section */

/* Begin PBXNativeTarget section */
		3BF388D42484E5360078FAC9 /* API */ = {
			isa = PBXNativeTarget;
			buildConfigurationList = 3BF388E92484E5380078FAC9 /* Build configuration list for PBXNativeTarget "API" */;
			buildPhases = (
				682832474A9B380DBA315855 /* [CP] Check Pods Manifest.lock */,
				3BF388D12484E5360078FAC9 /* Sources */,
				3BF388D22484E5360078FAC9 /* Frameworks */,
				3BF388D32484E5360078FAC9 /* Resources */,
				A495FE17BE24FDB3F518A160 /* [CP] Embed Pods Frameworks */,
			);
			buildRules = (
			);
			dependencies = (
			);
			name = API;
			productName = API;
			productReference = 3BF388D52484E5360078FAC9 /* API.app */;
			productType = "com.apple.product-type.application";
		};
/* End PBXNativeTarget section */

/* Begin PBXProject section */
		3BF388CD2484E5360078FAC9 /* Project object */ = {
			isa = PBXProject;
			attributes = {
				LastSwiftUpdateCheck = 1150;
				LastUpgradeCheck = 1150;
				ORGANIZATIONNAME = stryyhhhhhh;
				TargetAttributes = {
					3BF388D42484E5360078FAC9 = {
						CreatedOnToolsVersion = 11.5;
					};
				};
			};
			buildConfigurationList = 3BF388D02484E5360078FAC9 /* Build configuration list for PBXProject "API" */;
			compatibilityVersion = "Xcode 9.3";
			developmentRegion = en;
			hasScannedForEncodings = 0;
			knownRegions = (
				en,
				Base,
			);
			mainGroup = 3BF388CC2484E5360078FAC9;
			productRefGroup = 3BF388D62484E5360078FAC9 /* Products */;
			projectDirPath = "";
			projectRoot = "";
			targets = (
				3BF388D42484E5360078FAC9 /* API */,
			);
		};
/* End PBXProject section */

/* Begin PBXResourcesBuildPhase section */
		3BF388D32484E5360078FAC9 /* Resources */ = {
			isa = PBXResourcesBuildPhase;
			buildActionMask = 2147483647;
			files = (
				3BF388E52484E5380078FAC9 /* LaunchScreen.storyboard in Resources */,
				3BF388E22484E5380078FAC9 /* Preview Assets.xcassets in Resources */,
				3BF388DF2484E5380078FAC9 /* Assets.xcassets in Resources */,
			);
			runOnlyForDeploymentPostprocessing = 0;
		};
/* End PBXResourcesBuildPhase section */

/* Begin PBXShellScriptBuildPhase section */
		682832474A9B380DBA315855 /* [CP] Check Pods Manifest.lock */ = {
			isa = PBXShellScriptBuildPhase;
			buildActionMask = 2147483647;
			files = (
			);
			inputFileListPaths = (
			);
			inputPaths = (
				"${PODS_PODFILE_DIR_PATH}/Podfile.lock",
				"${PODS_ROOT}/Manifest.lock",
			);
			name = "[CP] Check Pods Manifest.lock";
			outputFileListPaths = (
			);
			outputPaths = (
				"$(DERIVED_FILE_DIR)/Pods-API-checkManifestLockResult.txt",
			);
			runOnlyForDeploymentPostprocessing = 0;
			shellPath = /bin/sh;
			shellScript = "diff \"${PODS_PODFILE_DIR_PATH}/Podfile.lock\" \"${PODS_ROOT}/Manifest.lock\" > /dev/null\nif [ $? != 0 ] ; then\n    # print error to STDERR\n    echo \"error: The sandbox is not in sync with the Podfile.lock. Run 'pod install' or update your CocoaPods installation.\" >&2\n    exit 1\nfi\n# This output is used by Xcode 'outputs' to avoid re-running this script phase.\necho \"SUCCESS\" > \"${SCRIPT_OUTPUT_FILE_0}\"\n";
			showEnvVarsInLog = 0;
		};
		A495FE17BE24FDB3F518A160 /* [CP] Embed Pods Frameworks */ = {
			isa = PBXShellScriptBuildPhase;
			buildActionMask = 2147483647;
			files = (
			);
			inputFileListPaths = (
				"${PODS_ROOT}/Target Support Files/Pods-API/Pods-API-frameworks-${CONFIGURATION}-input-files.xcfilelist",
			);
			name = "[CP] Embed Pods Frameworks";
			outputFileListPaths = (
				"${PODS_ROOT}/Target Support Files/Pods-API/Pods-API-frameworks-${CONFIGURATION}-output-files.xcfilelist",
			);
			runOnlyForDeploymentPostprocessing = 0;
			shellPath = /bin/sh;
			shellScript = "\"${PODS_ROOT}/Target Support Files/Pods-API/Pods-API-frameworks.sh\"\n";
			showEnvVarsInLog = 0;
		};
/* End PBXShellScriptBuildPhase section */

/* Begin PBXSourcesBuildPhase section */
		3BF388D12484E5360078FAC9 /* Sources */ = {
			isa = PBXSourcesBuildPhase;
			buildActionMask = 2147483647;
			files = (
				3BF388F12484E9A20078FAC9 /* WeatherResults.swift in Sources */,
				3BF388D92484E5360078FAC9 /* AppDelegate.swift in Sources */,
				3BF388EF2484E6E20078FAC9 /* WeatherListViewModel.swift in Sources */,
				3BF388DB2484E5360078FAC9 /* SceneDelegate.swift in Sources */,
				3BF388DD2484E5360078FAC9 /* ContentView.swift in Sources */,
				3BF388F32484F63E0078FAC9 /* WeatherUIView.swift in Sources */,
			);
			runOnlyForDeploymentPostprocessing = 0;
		};
/* End PBXSourcesBuildPhase section */

/* Begin PBXVariantGroup section */
		3BF388E32484E5380078FAC9 /* LaunchScreen.storyboard */ = {
			isa = PBXVariantGroup;
			children = (
				3BF388E42484E5380078FAC9 /* Base */,
			);
			name = LaunchScreen.storyboard;
			sourceTree = "<group>";
		};
/* End PBXVariantGroup section */

/* Begin XCBuildConfiguration section */
		3BF388E72484E5380078FAC9 /* Debug */ = {
			isa = XCBuildConfiguration;
			buildSettings = {
				ALWAYS_SEARCH_USER_PATHS = NO;
				CLANG_ANALYZER_NONNULL = YES;
				CLANG_ANALYZER_NUMBER_OBJECT_CONVERSION = YES_AGGRESSIVE;
				CLANG_CXX_LANGUAGE_STANDARD = "gnu++14";
				CLANG_CXX_LIBRARY = "libc++";
				CLANG_ENABLE_MODULES = YES;
				CLANG_ENABLE_OBJC_ARC = YES;
				CLANG_ENABLE_OBJC_WEAK = YES;
				CLANG_WARN_BLOCK_CAPTURE_AUTORELEASING = YES;
				CLANG_WARN_BOOL_CONVERSION = YES;
				CLANG_WARN_COMMA = YES;
				CLANG_WARN_CONSTANT_CONVERSION = YES;
				CLANG_WARN_DEPRECATED_OBJC_IMPLEMENTATIONS = YES;
				CLANG_WARN_DIRECT_OBJC_ISA_USAGE = YES_ERROR;
				CLANG_WARN_DOCUMENTATION_COMMENTS = YES;
				CLANG_WARN_EMPTY_BODY = YES;
				CLANG_WARN_ENUM_CONVERSION = YES;
				CLANG_WARN_INFINITE_RECURSION = YES;
				CLANG_WARN_INT_CONVERSION = YES;
				CLANG_WARN_NON_LITERAL_NULL_CONVERSION = YES;
				CLANG_WARN_OBJC_IMPLICIT_RETAIN_SELF = YES;
				CLANG_WARN_OBJC_LITERAL_CONVERSION = YES;
				CLANG_WARN_OBJC_ROOT_CLASS = YES_ERROR;
				CLANG_WARN_RANGE_LOOP_ANALYSIS = YES;
				CLANG_WARN_STRICT_PROTOTYPES = YES;
				CLANG_WARN_SUSPICIOUS_MOVE = YES;
				CLANG_WARN_UNGUARDED_AVAILABILITY = YES_AGGRESSIVE;
				CLANG_WARN_UNREACHABLE_CODE = YES;
				CLANG_WARN__DUPLICATE_METHOD_MATCH = YES;
				COPY_PHASE_STRIP = NO;
				DEBUG_INFORMATION_FORMAT = dwarf;
				ENABLE_STRICT_OBJC_MSGSEND = YES;
				ENABLE_TESTABILITY = YES;
				GCC_C_LANGUAGE_STANDARD = gnu11;
				GCC_DYNAMIC_NO_PIC = NO;
				GCC_NO_COMMON_BLOCKS = YES;
				GCC_OPTIMIZATION_LEVEL = 0;
				GCC_PREPROCESSOR_DEFINITIONS = (
					"DEBUG=1",
					"$(inherited)",
				);
				GCC_WARN_64_TO_32_BIT_CONVERSION = YES;
				GCC_WARN_ABOUT_RETURN_TYPE = YES_ERROR;
				GCC_WARN_UNDECLARED_SELECTOR = YES;
				GCC_WARN_UNINITIALIZED_AUTOS = YES_AGGRESSIVE;
				GCC_WARN_UNUSED_FUNCTION = YES;
				GCC_WARN_UNUSED_VARIABLE = YES;
				IPHONEOS_DEPLOYMENT_TARGET = 13.5;
				MTL_ENABLE_DEBUG_INFO = INCLUDE_SOURCE;
				MTL_FAST_MATH = YES;
				ONLY_ACTIVE_ARCH = YES;
				SDKROOT = iphoneos;
				SWIFT_ACTIVE_COMPILATION_CONDITIONS = DEBUG;
				SWIFT_OPTIMIZATION_LEVEL = "-Onone";
			};
			name = Debug;
		};
		3BF388E82484E5380078FAC9 /* Release */ = {
			isa = XCBuildConfiguration;
			buildSettings = {
				ALWAYS_SEARCH_USER_PATHS = NO;
				CLANG_ANALYZER_NONNULL = YES;
				CLANG_ANALYZER_NUMBER_OBJECT_CONVERSION = YES_AGGRESSIVE;
				CLANG_CXX_LANGUAGE_STANDARD = "gnu++14";
				CLANG_CXX_LIBRARY = "libc++";
				CLANG_ENABLE_MODULES = YES;
				CLANG_ENABLE_OBJC_ARC = YES;
				CLANG_ENABLE_OBJC_WEAK = YES;
				CLANG_WARN_BLOCK_CAPTURE_AUTORELEASING = YES;
				CLANG_WARN_BOOL_CONVERSION = YES;
				CLANG_WARN_COMMA = YES;
				CLANG_WARN_CONSTANT_CONVERSION = YES;
				CLANG_WARN_DEPRECATED_OBJC_IMPLEMENTATIONS = YES;
				CLANG_WARN_DIRECT_OBJC_ISA_USAGE = YES_ERROR;
				CLANG_WARN_DOCUMENTATION_COMMENTS = YES;
				CLANG_WARN_EMPTY_BODY = YES;
				CLANG_WARN_ENUM_CONVERSION = YES;
				CLANG_WARN_INFINITE_RECURSION = YES;
				CLANG_WARN_INT_CONVERSION = YES;
				CLANG_WARN_NON_LITERAL_NULL_CONVERSION = YES;
				CLANG_WARN_OBJC_IMPLICIT_RETAIN_SELF = YES;
				CLANG_WARN_OBJC_LITERAL_CONVERSION = YES;
				CLANG_WARN_OBJC_ROOT_CLASS = YES_ERROR;
				CLANG_WARN_RANGE_LOOP_ANALYSIS = YES;
				CLANG_WARN_STRICT_PROTOTYPES = YES;
				CLANG_WARN_SUSPICIOUS_MOVE = YES;
				CLANG_WARN_UNGUARDED_AVAILABILITY = YES_AGGRESSIVE;
				CLANG_WARN_UNREACHABLE_CODE = YES;
				CLANG_WARN__DUPLICATE_METHOD_MATCH = YES;
				COPY_PHASE_STRIP = NO;
				DEBUG_INFORMATION_FORMAT = "dwarf-with-dsym";
				ENABLE_NS_ASSERTIONS = NO;
				ENABLE_STRICT_OBJC_MSGSEND = YES;
				GCC_C_LANGUAGE_STANDARD = gnu11;
				GCC_NO_COMMON_BLOCKS = YES;
				GCC_WARN_64_TO_32_BIT_CONVERSION = YES;
				GCC_WARN_ABOUT_RETURN_TYPE = YES_ERROR;
				GCC_WARN_UNDECLARED_SELECTOR = YES;
				GCC_WARN_UNINITIALIZED_AUTOS = YES_AGGRESSIVE;
				GCC_WARN_UNUSED_FUNCTION = YES;
				GCC_WARN_UNUSED_VARIABLE = YES;
				IPHONEOS_DEPLOYMENT_TARGET = 13.5;
				MTL_ENABLE_DEBUG_INFO = NO;
				MTL_FAST_MATH = YES;
				SDKROOT = iphoneos;
				SWIFT_COMPILATION_MODE = wholemodule;
				SWIFT_OPTIMIZATION_LEVEL = "-O";
				VALIDATE_PRODUCT = YES;
			};
			name = Release;
		};
		3BF388EA2484E5380078FAC9 /* Debug */ = {
			isa = XCBuildConfiguration;
			baseConfigurationReference = B87CB501E375EF2508F11CBD /* Pods-API.debug.xcconfig */;
			buildSettings = {
				ASSETCATALOG_COMPILER_APPICON_NAME = AppIcon;
				CODE_SIGN_STYLE = Automatic;
				DEVELOPMENT_ASSET_PATHS = "\"API/Preview Content\"";
				ENABLE_PREVIEWS = YES;
				INFOPLIST_FILE = API/Info.plist;
				LD_RUNPATH_SEARCH_PATHS = (
					"$(inherited)",
					"@executable_path/Frameworks",
				);
				PRODUCT_BUNDLE_IDENTIFIER = ntou.API;
				PRODUCT_NAME = "$(TARGET_NAME)";
				SWIFT_VERSION = 5.0;
				TARGETED_DEVICE_FAMILY = "1,2";
			};
			name = Debug;
		};
		3BF388EB2484E5380078FAC9 /* Release */ = {
			isa = XCBuildConfiguration;
			baseConfigurationReference = AA240A586CEBF13E890B7494 /* Pods-API.release.xcconfig */;
			buildSettings = {
				ASSETCATALOG_COMPILER_APPICON_NAME = AppIcon;
				CODE_SIGN_STYLE = Automatic;
				DEVELOPMENT_ASSET_PATHS = "\"API/Preview Content\"";
				ENABLE_PREVIEWS = YES;
				INFOPLIST_FILE = API/Info.plist;
				LD_RUNPATH_SEARCH_PATHS = (
					"$(inherited)",
					"@executable_path/Frameworks",
				);
				PRODUCT_BUNDLE_IDENTIFIER = ntou.API;
				PRODUCT_NAME = "$(TARGET_NAME)";
				SWIFT_VERSION = 5.0;
				TARGETED_DEVICE_FAMILY = "1,2";
			};
			name = Release;
		};
/* End XCBuildConfiguration section */

/* Begin XCConfigurationList section */
		3BF388D02484E5360078FAC9 /* Build configuration list for PBXProject "API" */ = {
			isa = XCConfigurationList;
			buildConfigurations = (
				3BF388E72484E5380078FAC9 /* Debug */,
				3BF388E82484E5380078FAC9 /* Release */,
			);
			defaultConfigurationIsVisible = 0;
			defaultConfigurationName = Release;
		};
		3BF388E92484E5380078FAC9 /* Build configuration list for PBXNativeTarget "API" */ = {
			isa = XCConfigurationList;
			buildConfigurations = (
				3BF388EA2484E5380078FAC9 /* Debug */,
				3BF388EB2484E5380078FAC9 /* Release */,
			);
			defaultConfigurationIsVisible = 0;
			defaultConfigurationName = Release;
		};
/* End XCConfigurationList section */
	};
	rootObject = 3BF388CD2484E5360078FAC9 /* Project object */;
}
